
Microsoft Visual Studio Solution File, Format Version 12.00
# Visual Studio 15
VisualStudioVersion = 15.0.28307.1500
MinimumVisualStudioVersion = 10.0.40219.1
Project("{FAE04EC0-301F-11D3-BF4B-00C04F79EFBC}") = "ITMO.CSCourse2021.Lab01_01.Greetings", "ITMO.CSCourse2021.Lab01_01.Greetings\ITMO.CSCourse2021.Lab01_01.Greetings.csproj", "{4080503A-98F8-40C0-A196-A34EB9B996D9}"
EndProject
Project("{FAE04EC0-301F-11D3-BF4B-00C04F79EFBC}") = "ITMO.CSCourse2021.Lab01_02.Divider", "ITMO.CSCourse2021.Lab01_02.Divider\ITMO.CSCourse2021.Lab01_02.Divider.csproj", "{30C1EB06-41DE-48CA-B1B8-2593FE3AD075}"
EndProject
Project("{FAE04EC0-301F-11D3-BF4B-00C04F79EFBC}") = "ITMO.CSCourse2021.Lab02_01.BankAccount", "ITMO.CSCourse2021.Lab02_01.BankAccount\ITMO.CSCourse2021.Lab02_01.BankAccount.csproj", "{25DC9B3E-66EF-463B-BE82-9CE4ED9A599C}"
EndProject
Project("{FAE04EC0-301F-11D3-BF4B-00C04F79EFBC}") = "ITMO.CSCourse2021.Lab02_02.StructType", "ITMO.CsCourse2021.Lab02_02.StructType\ITMO.CSCourse2021.Lab02_02.StructType.csproj", "{71D5AB07-C9B9-4FD1-A6E8-B5EEA97F524E}"
EndProject
Project("{FAE04EC0-301F-11D3-BF4B-00C04F79EFBC}") = "ITMO.CSCourse2021.Lab03_01.WhatDay1", "ITMO.CSCourse2021.Lab03_01.WhatDay1\ITMO.CSCourse2021.Lab03_01.WhatDay1.csproj", "{E0D1379F-6414-4BDA-8CCD-CD04B62C9AF6}"
EndProject
Global
	GlobalSection(SolutionConfigurationPlatforms) = preSolution
		Debug|Any CPU = Debug|Any CPU
		Release|Any CPU = Release|Any CPU
	EndGlobalSection
	GlobalSection(ProjectConfigurationPlatforms) = postSolution
		{4080503A-98F8-40C0-A196-A34EB9B996D9}.Debug|Any CPU.ActiveCfg = Debug|Any CPU
		{4080503A-98F8-40C0-A196-A34EB9B996D9}.Debug|Any CPU.Build.0 = Debug|Any CPU
		{4080503A-98F8-40C0-A196-A34EB9B996D9}.Release|Any CPU.ActiveCfg = Release|Any CPU
		{4080503A-98F8-40C0-A196-A34EB9B996D9}.Release|Any CPU.Build.0 = Release|Any CPU
		{30C1EB06-41DE-48CA-B1B8-2593FE3AD075}.Debug|Any CPU.ActiveCfg = Debug|Any CPU
		{30C1EB06-41DE-48CA-B1B8-2593FE3AD075}.Debug|Any CPU.Build.0 = Debug|Any CPU
		{30C1EB06-41DE-48CA-B1B8-2593FE3AD075}.Release|Any CPU.ActiveCfg = Release|Any CPU
		{30C1EB06-41DE-48CA-B1B8-2593FE3AD075}.Release|Any CPU.Build.0 = Release|Any CPU
		{25DC9B3E-66EF-463B-BE82-9CE4ED9A599C}.Debug|Any CPU.ActiveCfg = Debug|Any CPU
		{25DC9B3E-66EF-463B-BE82-9CE4ED9A599C}.Debug|Any CPU.Build.0 = Debug|Any CPU
		{25DC9B3E-66EF-463B-BE82-9CE4ED9A599C}.Release|Any CPU.ActiveCfg = Release|Any CPU
		{25DC9B3E-66EF-463B-BE82-9CE4ED9A599C}.Release|Any CPU.Build.0 = Release|Any CPU
		{71D5AB07-C9B9-4FD1-A6E8-B5EEA97F524E}.Debug|Any CPU.ActiveCfg = Debug|Any CPU
		{71D5AB07-C9B9-4FD1-A6E8-B5EEA97F524E}.Debug|Any CPU.Build.0 = Debug|Any CPU
		{71D5AB07-C9B9-4FD1-A6E8-B5EEA97F524E}.Release|Any CPU.ActiveCfg = Release|Any CPU
		{71D5AB07-C9B9-4FD1-A6E8-B5EEA97F524E}.Release|Any CPU.Build.0 = Release|Any CPU
		{E0D1379F-6414-4BDA-8CCD-CD04B62C9AF6}.Debug|Any CPU.ActiveCfg = Debug|Any CPU
		{E0D1379F-6414-4BDA-8CCD-CD04B62C9AF6}.Debug|Any CPU.Build.0 = Debug|Any CPU
		{E0D1379F-6414-4BDA-8CCD-CD04B62C9AF6}.Release|Any CPU.ActiveCfg = Release|Any CPU
		{E0D1379F-6414-4BDA-8CCD-CD04B62C9AF6}.Release|Any CPU.Build.0 = Release|Any CPU
	EndGlobalSection
	GlobalSection(SolutionProperties) = preSolution
		HideSolutionNode = FALSE
	EndGlobalSection
	GlobalSection(ExtensibilityGlobals) = postSolution
		SolutionGuid = {72DD9622-B169-41D3-9E73-09081B0CB99E}
	EndGlobalSection
EndGlobal
