
Microsoft Visual Studio Solution File, Format Version 12.00
# Visual Studio 15
VisualStudioVersion = 15.0.28307.1500
MinimumVisualStudioVersion = 10.0.40219.1
Project("{FAE04EC0-301F-11D3-BF4B-00C04F79EFBC}") = "ITMO.CSCourse2021.Lab01_01.Greetings", "ITMO.CSCourse2021.Lab01_01.Greetings\ITMO.CSCourse2021.Lab01_01.Greetings.csproj", "{4080503A-98F8-40C0-A196-A34EB9B996D9}"
EndProject
Project("{FAE04EC0-301F-11D3-BF4B-00C04F79EFBC}") = "ITMO.CSCourse2021.Lab01_02.Divider", "ITMO.CSCourse2021.Lab01_02.Divider\ITMO.CSCourse2021.Lab01_02.Divider.csproj", "{30C1EB06-41DE-48CA-B1B8-2593FE3AD075}"
EndProject
Project("{FAE04EC0-301F-11D3-BF4B-00C04F79EFBC}") = "ITMO.CSCourse2021.Lab02_01.BankAccount", "ITMO.CSCourse2021.Lab02_01.BankAccount\ITMO.CSCourse2021.Lab02_01.BankAccount.csproj", "{25DC9B3E-66EF-463B-BE82-9CE4ED9A599C}"
EndProject
Project("{FAE04EC0-301F-11D3-BF4B-00C04F79EFBC}") = "ITMO.CSCourse2021.Lab02_02.StructType", "ITMO.CSCourse2021.Lab02_02.StructType\ITMO.CSCourse2021.Lab02_02.StructType.csproj", "{C9A31739-4FE4-48D7-859D-7DE33CC218B0}"
EndProject
Project("{FAE04EC0-301F-11D3-BF4B-00C04F79EFBC}") = "ITMO.CSCourse2021.Lab02_03.StructType_in_out", "ITMO.CSCourse2021.Lab02_03.StructType_in_out\ITMO.CSCourse2021.Lab02_03.StructType_in_out.csproj", "{48561621-1019-4CAC-A5FE-3003B0015775}"
EndProject
Project("{FAE04EC0-301F-11D3-BF4B-00C04F79EFBC}") = "ITMO.CSCourse2021.Lab03_01.WhatDay1", "ITMO.CSCourse2021.Lab03_01.WhatDay1\ITMO.CSCourse2021.Lab03_01.WhatDay1.csproj", "{5EEFF13C-D68A-4410-AFFE-E535E93B2027}"
EndProject
Project("{FAE04EC0-301F-11D3-BF4B-00C04F79EFBC}") = "ITMO.CSCourse2021.Lab03_02.WhatDay2", "ITMO.CSCourse2021.Lab03_02.WhatDay2\ITMO.CSCourse2021.Lab03_02.WhatDay2.csproj", "{027281F5-C12D-4C8F-9CC7-F85A1700EE17}"
EndProject
Project("{FAE04EC0-301F-11D3-BF4B-00C04F79EFBC}") = "ITMO.CSCourse2021.Lab03_03.WhatDay3", "ITMO.CSCourse2021.Lab03_03.WhatDay3\ITMO.CSCourse2021.Lab03_03.WhatDay3.csproj", "{65AF6DDC-CB32-4E7E-8AAC-C353A2ED907C}"
EndProject
Project("{FAE04EC0-301F-11D3-BF4B-00C04F79EFBC}") = "ITMO.CSCourse2021.Lab04_01.Greater", "ITMO.CSCourse2021.Lab04_01.Greater\ITMO.CSCourse2021.Lab04_01.Greater.csproj", "{8A719DA6-707E-4F51-AE5C-F2FC99721697}"
EndProject
Project("{FAE04EC0-301F-11D3-BF4B-00C04F79EFBC}") = "ITMO.CSCourse2021.Lab04_02.Swap", "ITMO.CSCourse2021.Lab04_02.Swap\ITMO.CSCourse2021.Lab04_02.Swap.csproj", "{7DF5A097-8578-42E9-8690-86740D0EEFDE}"
EndProject
Project("{FAE04EC0-301F-11D3-BF4B-00C04F79EFBC}") = "ITMO.CSCourse2021.Lab04_03.Factorial", "ITMO.CSCourse2021.Lab04_03.Factorial\ITMO.CSCourse2021.Lab04_03.Factorial.csproj", "{FC62AA2A-B120-4B11-902E-3D3B8DF1686F}"
EndProject
Project("{FAE04EC0-301F-11D3-BF4B-00C04F79EFBC}") = "ITMO.CSCourse2021.Lab05_01.Array.FileDetails", "ITMO.CSCourse2021.Lab05_01.Array.FileDetails\ITMO.CSCourse2021.Lab05_01.Array.FileDetails.csproj", "{205341FD-4FE1-444E-87DD-C09CBDD04A74}"
EndProject
Project("{FAE04EC0-301F-11D3-BF4B-00C04F79EFBC}") = "ITMO.CSCourse2021.Lab05_02.Array.MatrixMultiply", "ITMO.CSCourse2021.Lab05_02.Array.MatrixMultiply\ITMO.CSCourse2021.Lab05_02.Array.MatrixMultiply.csproj", "{C060A64D-ECE0-408E-B305-60ADDE11B095}"
EndProject
Project("{FAE04EC0-301F-11D3-BF4B-00C04F79EFBC}") = "ITMO.CSCourse2021.Lab06_01.Class.CreateAccount", "ITMO.CSCourse2021.Lab06_01.Class.CreateAccount\ITMO.CSCourse2021.Lab06_01.Class.CreateAccount.csproj", "{99C78396-878C-42DA-948F-E4C22993BBC9}"
EndProject
Project("{FAE04EC0-301F-11D3-BF4B-00C04F79EFBC}") = "ITMO.CSCourse2021.Lab06_02.Class.CreateAccount.UniqueNumbers", "ITMO.CSCourse2021.Lab06_02.Class.CreateAccount.UniqueNumbers\ITMO.CSCourse2021.Lab06_02.Class.CreateAccount.UniqueNumbers.csproj", "{32C85BF6-FD1D-4707-BE0C-C92A95FEBE22}"
EndProject
Project("{FAE04EC0-301F-11D3-BF4B-00C04F79EFBC}") = "ITMO.CSCourse2021.Lab06_03.Class.CA.UN.AddDepositAndWithdraw", "ITMO.CSCourse2021.Lab06_03.Class.CA.UN.AddDepositAndWithdraw\ITMO.CSCourse2021.Lab06_03.Class.CA.UN.AddDepositAndWithdraw.csproj", "{A1FC197F-35F1-4FCE-A95A-D8754E8FF921}"
EndProject
Project("{FAE04EC0-301F-11D3-BF4B-00C04F79EFBC}") = "ITMO.CSCourse2021.Lab07_01.RefTypes.BankAccount.TransferFrom", "ITMO.CSCourse2021.Lab07_01.RefTypes.BankAccount.TransferFrom\ITMO.CSCourse2021.Lab07_01.RefTypes.BankAccount.TransferFrom.csproj", "{101C6631-664D-48DE-A103-7B85D4FA859A}"
EndProject
Project("{FAE04EC0-301F-11D3-BF4B-00C04F79EFBC}") = "ITMO.CSCourse2021.Lab07_02.RefTypes.Utils.ReverseString", "ITMO.CSCourse2021.Lab07_02.RefTypes.Utils.ReverseString\ITMO.CSCourse2021.Lab07_02.RefTypes.Utils.ReverseString.csproj", "{EC8B26A4-4649-4076-BB15-17F3B5745027}"
EndProject
Project("{FAE04EC0-301F-11D3-BF4B-00C04F79EFBC}") = "ITMO.CSCourse2021.Lab07_03.RefTypes.CopyFileUpper", "ITMO.CSCourse2021.Lab07_03.RefTypes.CopyFileUpper\ITMO.CSCourse2021.Lab07_03.RefTypes.CopyFileUpper.csproj", "{EE585C0B-114E-4003-8566-9310BD447F07}"
EndProject
Project("{FAE04EC0-301F-11D3-BF4B-00C04F79EFBC}") = "ITMO.CSCourse2021.Lab07_04.RefTyp.IsItFormattable_Interface", "ITMO.CSCourse2021.Lab07_04.RefTyp.IsItFormattable_Interface\ITMO.CSCourse2021.Lab07_04.RefTyp.IsItFormattable_Interface.csproj", "{1F5FC249-8334-4F26-822B-385348AD67AD}"
EndProject
Project("{FAE04EC0-301F-11D3-BF4B-00C04F79EFBC}") = "ITMO.CSCourse2021.Lab07_05.RefTyp.Display_Interface", "ITMO.CSCourse2021.Lab07_05.RefTyp.Display_Interface\ITMO.CSCourse2021.Lab07_05.RefTyp.Display_Interface.csproj", "{8C510D20-032E-4A67-A16C-5B08802C4160}"
EndProject
Project("{FAE04EC0-301F-11D3-BF4B-00C04F79EFBC}") = "ITMO.CSCourse2021.Lab08_01.BankAccount_Constructor", "ITMO.CSCourse2021.Lab08_01.BankAccount_Constructor\ITMO.CSCourse2021.Lab08_01.BankAccount_Constructor.csproj", "{8B320CBD-10F7-41F3-9EA2-2FD8A928F2A7}"
EndProject
Project("{FAE04EC0-301F-11D3-BF4B-00C04F79EFBC}") = "ITMO.CSCourse2021.Lab08_02.BankAccount.BankTransaction", "ITMO.CSCourse2021.Lab08_02.BankAccount.BankTransaction\ITMO.CSCourse2021.Lab08_02.BankAccount.BankTransaction.csproj", "{3B700E4A-A273-49B8-815F-7DC2B9077AB3}"
EndProject
Project("{FAE04EC0-301F-11D3-BF4B-00C04F79EFBC}") = "ITMO.CSCourse2021.Lab08_03.BankAccount.Dispose", "ITMO.CSCourse2021.Lab08_03.BankAccount.Dispose\ITMO.CSCourse2021.Lab08_03.BankAccount.Dispose.csproj", "{3C8ACC72-4585-4D22-B155-24121CF0D461}"
EndProject
Global
	GlobalSection(SolutionConfigurationPlatforms) = preSolution
		Debug|Any CPU = Debug|Any CPU
		Release|Any CPU = Release|Any CPU
	EndGlobalSection
	GlobalSection(ProjectConfigurationPlatforms) = postSolution
		{4080503A-98F8-40C0-A196-A34EB9B996D9}.Debug|Any CPU.ActiveCfg = Debug|Any CPU
		{4080503A-98F8-40C0-A196-A34EB9B996D9}.Debug|Any CPU.Build.0 = Debug|Any CPU
		{4080503A-98F8-40C0-A196-A34EB9B996D9}.Release|Any CPU.ActiveCfg = Release|Any CPU
		{4080503A-98F8-40C0-A196-A34EB9B996D9}.Release|Any CPU.Build.0 = Release|Any CPU
		{30C1EB06-41DE-48CA-B1B8-2593FE3AD075}.Debug|Any CPU.ActiveCfg = Debug|Any CPU
		{30C1EB06-41DE-48CA-B1B8-2593FE3AD075}.Debug|Any CPU.Build.0 = Debug|Any CPU
		{30C1EB06-41DE-48CA-B1B8-2593FE3AD075}.Release|Any CPU.ActiveCfg = Release|Any CPU
		{30C1EB06-41DE-48CA-B1B8-2593FE3AD075}.Release|Any CPU.Build.0 = Release|Any CPU
		{25DC9B3E-66EF-463B-BE82-9CE4ED9A599C}.Debug|Any CPU.ActiveCfg = Debug|Any CPU
		{25DC9B3E-66EF-463B-BE82-9CE4ED9A599C}.Debug|Any CPU.Build.0 = Debug|Any CPU
		{25DC9B3E-66EF-463B-BE82-9CE4ED9A599C}.Release|Any CPU.ActiveCfg = Release|Any CPU
		{25DC9B3E-66EF-463B-BE82-9CE4ED9A599C}.Release|Any CPU.Build.0 = Release|Any CPU
		{C9A31739-4FE4-48D7-859D-7DE33CC218B0}.Debug|Any CPU.ActiveCfg = Debug|Any CPU
		{C9A31739-4FE4-48D7-859D-7DE33CC218B0}.Debug|Any CPU.Build.0 = Debug|Any CPU
		{C9A31739-4FE4-48D7-859D-7DE33CC218B0}.Release|Any CPU.ActiveCfg = Release|Any CPU
		{C9A31739-4FE4-48D7-859D-7DE33CC218B0}.Release|Any CPU.Build.0 = Release|Any CPU
		{48561621-1019-4CAC-A5FE-3003B0015775}.Debug|Any CPU.ActiveCfg = Debug|Any CPU
		{48561621-1019-4CAC-A5FE-3003B0015775}.Debug|Any CPU.Build.0 = Debug|Any CPU
		{48561621-1019-4CAC-A5FE-3003B0015775}.Release|Any CPU.ActiveCfg = Release|Any CPU
		{48561621-1019-4CAC-A5FE-3003B0015775}.Release|Any CPU.Build.0 = Release|Any CPU
		{5EEFF13C-D68A-4410-AFFE-E535E93B2027}.Debug|Any CPU.ActiveCfg = Debug|Any CPU
		{5EEFF13C-D68A-4410-AFFE-E535E93B2027}.Debug|Any CPU.Build.0 = Debug|Any CPU
		{5EEFF13C-D68A-4410-AFFE-E535E93B2027}.Release|Any CPU.ActiveCfg = Release|Any CPU
		{5EEFF13C-D68A-4410-AFFE-E535E93B2027}.Release|Any CPU.Build.0 = Release|Any CPU
		{027281F5-C12D-4C8F-9CC7-F85A1700EE17}.Debug|Any CPU.ActiveCfg = Debug|Any CPU
		{027281F5-C12D-4C8F-9CC7-F85A1700EE17}.Debug|Any CPU.Build.0 = Debug|Any CPU
		{027281F5-C12D-4C8F-9CC7-F85A1700EE17}.Release|Any CPU.ActiveCfg = Release|Any CPU
		{027281F5-C12D-4C8F-9CC7-F85A1700EE17}.Release|Any CPU.Build.0 = Release|Any CPU
		{65AF6DDC-CB32-4E7E-8AAC-C353A2ED907C}.Debug|Any CPU.ActiveCfg = Debug|Any CPU
		{65AF6DDC-CB32-4E7E-8AAC-C353A2ED907C}.Debug|Any CPU.Build.0 = Debug|Any CPU
		{65AF6DDC-CB32-4E7E-8AAC-C353A2ED907C}.Release|Any CPU.ActiveCfg = Release|Any CPU
		{65AF6DDC-CB32-4E7E-8AAC-C353A2ED907C}.Release|Any CPU.Build.0 = Release|Any CPU
		{8A719DA6-707E-4F51-AE5C-F2FC99721697}.Debug|Any CPU.ActiveCfg = Debug|Any CPU
		{8A719DA6-707E-4F51-AE5C-F2FC99721697}.Debug|Any CPU.Build.0 = Debug|Any CPU
		{8A719DA6-707E-4F51-AE5C-F2FC99721697}.Release|Any CPU.ActiveCfg = Release|Any CPU
		{8A719DA6-707E-4F51-AE5C-F2FC99721697}.Release|Any CPU.Build.0 = Release|Any CPU
		{7DF5A097-8578-42E9-8690-86740D0EEFDE}.Debug|Any CPU.ActiveCfg = Debug|Any CPU
		{7DF5A097-8578-42E9-8690-86740D0EEFDE}.Debug|Any CPU.Build.0 = Debug|Any CPU
		{7DF5A097-8578-42E9-8690-86740D0EEFDE}.Release|Any CPU.ActiveCfg = Release|Any CPU
		{7DF5A097-8578-42E9-8690-86740D0EEFDE}.Release|Any CPU.Build.0 = Release|Any CPU
		{FC62AA2A-B120-4B11-902E-3D3B8DF1686F}.Debug|Any CPU.ActiveCfg = Debug|Any CPU
		{FC62AA2A-B120-4B11-902E-3D3B8DF1686F}.Debug|Any CPU.Build.0 = Debug|Any CPU
		{FC62AA2A-B120-4B11-902E-3D3B8DF1686F}.Release|Any CPU.ActiveCfg = Release|Any CPU
		{FC62AA2A-B120-4B11-902E-3D3B8DF1686F}.Release|Any CPU.Build.0 = Release|Any CPU
		{205341FD-4FE1-444E-87DD-C09CBDD04A74}.Debug|Any CPU.ActiveCfg = Debug|Any CPU
		{205341FD-4FE1-444E-87DD-C09CBDD04A74}.Debug|Any CPU.Build.0 = Debug|Any CPU
		{205341FD-4FE1-444E-87DD-C09CBDD04A74}.Release|Any CPU.ActiveCfg = Release|Any CPU
		{205341FD-4FE1-444E-87DD-C09CBDD04A74}.Release|Any CPU.Build.0 = Release|Any CPU
		{C060A64D-ECE0-408E-B305-60ADDE11B095}.Debug|Any CPU.ActiveCfg = Debug|Any CPU
		{C060A64D-ECE0-408E-B305-60ADDE11B095}.Debug|Any CPU.Build.0 = Debug|Any CPU
		{C060A64D-ECE0-408E-B305-60ADDE11B095}.Release|Any CPU.ActiveCfg = Release|Any CPU
		{C060A64D-ECE0-408E-B305-60ADDE11B095}.Release|Any CPU.Build.0 = Release|Any CPU
		{99C78396-878C-42DA-948F-E4C22993BBC9}.Debug|Any CPU.ActiveCfg = Debug|Any CPU
		{99C78396-878C-42DA-948F-E4C22993BBC9}.Debug|Any CPU.Build.0 = Debug|Any CPU
		{99C78396-878C-42DA-948F-E4C22993BBC9}.Release|Any CPU.ActiveCfg = Release|Any CPU
		{99C78396-878C-42DA-948F-E4C22993BBC9}.Release|Any CPU.Build.0 = Release|Any CPU
		{32C85BF6-FD1D-4707-BE0C-C92A95FEBE22}.Debug|Any CPU.ActiveCfg = Debug|Any CPU
		{32C85BF6-FD1D-4707-BE0C-C92A95FEBE22}.Debug|Any CPU.Build.0 = Debug|Any CPU
		{32C85BF6-FD1D-4707-BE0C-C92A95FEBE22}.Release|Any CPU.ActiveCfg = Release|Any CPU
		{32C85BF6-FD1D-4707-BE0C-C92A95FEBE22}.Release|Any CPU.Build.0 = Release|Any CPU
		{A1FC197F-35F1-4FCE-A95A-D8754E8FF921}.Debug|Any CPU.ActiveCfg = Debug|Any CPU
		{A1FC197F-35F1-4FCE-A95A-D8754E8FF921}.Debug|Any CPU.Build.0 = Debug|Any CPU
		{A1FC197F-35F1-4FCE-A95A-D8754E8FF921}.Release|Any CPU.ActiveCfg = Release|Any CPU
		{A1FC197F-35F1-4FCE-A95A-D8754E8FF921}.Release|Any CPU.Build.0 = Release|Any CPU
		{101C6631-664D-48DE-A103-7B85D4FA859A}.Debug|Any CPU.ActiveCfg = Debug|Any CPU
		{101C6631-664D-48DE-A103-7B85D4FA859A}.Debug|Any CPU.Build.0 = Debug|Any CPU
		{101C6631-664D-48DE-A103-7B85D4FA859A}.Release|Any CPU.ActiveCfg = Release|Any CPU
		{101C6631-664D-48DE-A103-7B85D4FA859A}.Release|Any CPU.Build.0 = Release|Any CPU
		{EC8B26A4-4649-4076-BB15-17F3B5745027}.Debug|Any CPU.ActiveCfg = Debug|Any CPU
		{EC8B26A4-4649-4076-BB15-17F3B5745027}.Debug|Any CPU.Build.0 = Debug|Any CPU
		{EC8B26A4-4649-4076-BB15-17F3B5745027}.Release|Any CPU.ActiveCfg = Release|Any CPU
		{EC8B26A4-4649-4076-BB15-17F3B5745027}.Release|Any CPU.Build.0 = Release|Any CPU
		{EE585C0B-114E-4003-8566-9310BD447F07}.Debug|Any CPU.ActiveCfg = Debug|Any CPU
		{EE585C0B-114E-4003-8566-9310BD447F07}.Debug|Any CPU.Build.0 = Debug|Any CPU
		{EE585C0B-114E-4003-8566-9310BD447F07}.Release|Any CPU.ActiveCfg = Release|Any CPU
		{EE585C0B-114E-4003-8566-9310BD447F07}.Release|Any CPU.Build.0 = Release|Any CPU
		{1F5FC249-8334-4F26-822B-385348AD67AD}.Debug|Any CPU.ActiveCfg = Debug|Any CPU
		{1F5FC249-8334-4F26-822B-385348AD67AD}.Debug|Any CPU.Build.0 = Debug|Any CPU
		{1F5FC249-8334-4F26-822B-385348AD67AD}.Release|Any CPU.ActiveCfg = Release|Any CPU
		{1F5FC249-8334-4F26-822B-385348AD67AD}.Release|Any CPU.Build.0 = Release|Any CPU
		{8C510D20-032E-4A67-A16C-5B08802C4160}.Debug|Any CPU.ActiveCfg = Debug|Any CPU
		{8C510D20-032E-4A67-A16C-5B08802C4160}.Debug|Any CPU.Build.0 = Debug|Any CPU
		{8C510D20-032E-4A67-A16C-5B08802C4160}.Release|Any CPU.ActiveCfg = Release|Any CPU
		{8C510D20-032E-4A67-A16C-5B08802C4160}.Release|Any CPU.Build.0 = Release|Any CPU
		{8B320CBD-10F7-41F3-9EA2-2FD8A928F2A7}.Debug|Any CPU.ActiveCfg = Debug|Any CPU
		{8B320CBD-10F7-41F3-9EA2-2FD8A928F2A7}.Debug|Any CPU.Build.0 = Debug|Any CPU
		{8B320CBD-10F7-41F3-9EA2-2FD8A928F2A7}.Release|Any CPU.ActiveCfg = Release|Any CPU
		{8B320CBD-10F7-41F3-9EA2-2FD8A928F2A7}.Release|Any CPU.Build.0 = Release|Any CPU
		{3B700E4A-A273-49B8-815F-7DC2B9077AB3}.Debug|Any CPU.ActiveCfg = Debug|Any CPU
		{3B700E4A-A273-49B8-815F-7DC2B9077AB3}.Debug|Any CPU.Build.0 = Debug|Any CPU
		{3B700E4A-A273-49B8-815F-7DC2B9077AB3}.Release|Any CPU.ActiveCfg = Release|Any CPU
		{3B700E4A-A273-49B8-815F-7DC2B9077AB3}.Release|Any CPU.Build.0 = Release|Any CPU
		{3C8ACC72-4585-4D22-B155-24121CF0D461}.Debug|Any CPU.ActiveCfg = Debug|Any CPU
		{3C8ACC72-4585-4D22-B155-24121CF0D461}.Debug|Any CPU.Build.0 = Debug|Any CPU
		{3C8ACC72-4585-4D22-B155-24121CF0D461}.Release|Any CPU.ActiveCfg = Release|Any CPU
		{3C8ACC72-4585-4D22-B155-24121CF0D461}.Release|Any CPU.Build.0 = Release|Any CPU
	EndGlobalSection
	GlobalSection(SolutionProperties) = preSolution
		HideSolutionNode = FALSE
	EndGlobalSection
	GlobalSection(ExtensibilityGlobals) = postSolution
		SolutionGuid = {72DD9622-B169-41D3-9E73-09081B0CB99E}
	EndGlobalSection
EndGlobal
